
Microsoft Visual Studio Solution File, Format Version 12.00
# Visual Studio Version 16
VisualStudioVersion = 16.0.809.1
MinimumVisualStudioVersion = 10.0.40219.1
Project("{FAE04EC0-301F-11D3-BF4B-00C04F79EFBC}") = "KC", "KC\KC.csproj", "{21FF1217-60E7-4A24-85B1-0B0A2ED5C0C3}"
EndProject
Global
	GlobalSection(SolutionConfigurationPlatforms) = preSolution
		Debug|Any CPU = Debug|Any CPU
		Release|Any CPU = Release|Any CPU
	EndGlobalSection
	GlobalSection(ProjectConfigurationPlatforms) = postSolution
		{21FF1217-60E7-4A24-85B1-0B0A2ED5C0C3}.Debug|Any CPU.ActiveCfg = Debug|Any CPU
		{21FF1217-60E7-4A24-85B1-0B0A2ED5C0C3}.Debug|Any CPU.Build.0 = Debug|Any CPU
		{21FF1217-60E7-4A24-85B1-0B0A2ED5C0C3}.Release|Any CPU.ActiveCfg = Release|Any CPU
		{21FF1217-60E7-4A24-85B1-0B0A2ED5C0C3}.Release|Any CPU.Build.0 = Release|Any CPU
	EndGlobalSection
	GlobalSection(SolutionProperties) = preSolution
		HideSolutionNode = FALSE
	EndGlobalSection
	GlobalSection(ExtensibilityGlobals) = postSolution
		SolutionGuid = {F867731C-7680-4A9A-AA14-28046D988A4A}
	EndGlobalSection
EndGlobal
